
Microsoft Visual Studio Solution File, Format Version 12.00
# Visual Studio Version 17
VisualStudioVersion = 17.11.35312.102
MinimumVisualStudioVersion = 10.0.40219.1
Project("{FAE04EC0-301F-11D3-BF4B-00C04F79EFBC}") = "seli-ws-inject", "seli-ws-inject\seli-ws-inject.csproj", "{2ACA4C33-539C-4F3E-8D05-ECAF62C2D08B}"
EndProject
Global
	GlobalSection(SolutionConfigurationPlatforms) = preSolution
		Debug|Any CPU = Debug|Any CPU
		Release|Any CPU = Release|Any CPU
	EndGlobalSection
	GlobalSection(ProjectConfigurationPlatforms) = postSolution
		{2ACA4C33-539C-4F3E-8D05-ECAF62C2D08B}.Debug|Any CPU.ActiveCfg = Debug|Any CPU
		{2ACA4C33-539C-4F3E-8D05-ECAF62C2D08B}.Debug|Any CPU.Build.0 = Debug|Any CPU
		{2ACA4C33-539C-4F3E-8D05-ECAF62C2D08B}.Release|Any CPU.ActiveCfg = Release|Any CPU
		{2ACA4C33-539C-4F3E-8D05-ECAF62C2D08B}.Release|Any CPU.Build.0 = Release|Any CPU
	EndGlobalSection
	GlobalSection(SolutionProperties) = preSolution
		HideSolutionNode = FALSE
	EndGlobalSection
	GlobalSection(ExtensibilityGlobals) = postSolution
		SolutionGuid = {D7D74FD6-05FB-4BD1-BBDD-B755A7BFAD7B}
	EndGlobalSection
EndGlobal
